
Microsoft Visual Studio Solution File, Format Version 12.00
# Visual Studio 15
VisualStudioVersion = 15.0.28010.2046
MinimumVisualStudioVersion = 10.0.40219.1
Project("{FAE04EC0-301F-11D3-BF4B-00C04F79EFBC}") = "FirstPart", "FirstPart\FirstPart.csproj", "{6751B272-876A-41C1-A7AB-A4306C5251B4}"
EndProject
Project("{FAE04EC0-301F-11D3-BF4B-00C04F79EFBC}") = "CshapArchitecture", "CshapArchitecture\CshapArchitecture.csproj", "{4E4A4B88-5537-4117-AF14-FFB6FFD2F9A6}"
EndProject
Project("{FAE04EC0-301F-11D3-BF4B-00C04F79EFBC}") = "Calc", "Calc\Calc.csproj", "{1550AB5D-1D79-42C0-920F-5AEA1EEC23C0}"
EndProject
Project("{FAE04EC0-301F-11D3-BF4B-00C04F79EFBC}") = "ReferenceAndValue", "ReferenceAndValue\ReferenceAndValue.csproj", "{BD756E5D-9365-4848-8E9C-22FF0F67D485}"
EndProject
Project("{FAE04EC0-301F-11D3-BF4B-00C04F79EFBC}") = "ListAndArrays", "ListAndArrays\ListAndArrays.csproj", "{B2AF78C0-A570-4D3D-99F8-5355F720E150}"
EndProject
Global
	GlobalSection(SolutionConfigurationPlatforms) = preSolution
		Debug|Any CPU = Debug|Any CPU
		Release|Any CPU = Release|Any CPU
	EndGlobalSection
	GlobalSection(ProjectConfigurationPlatforms) = postSolution
		{6751B272-876A-41C1-A7AB-A4306C5251B4}.Debug|Any CPU.ActiveCfg = Debug|Any CPU
		{6751B272-876A-41C1-A7AB-A4306C5251B4}.Debug|Any CPU.Build.0 = Debug|Any CPU
		{6751B272-876A-41C1-A7AB-A4306C5251B4}.Release|Any CPU.ActiveCfg = Release|Any CPU
		{6751B272-876A-41C1-A7AB-A4306C5251B4}.Release|Any CPU.Build.0 = Release|Any CPU
		{4E4A4B88-5537-4117-AF14-FFB6FFD2F9A6}.Debug|Any CPU.ActiveCfg = Debug|Any CPU
		{4E4A4B88-5537-4117-AF14-FFB6FFD2F9A6}.Debug|Any CPU.Build.0 = Debug|Any CPU
		{4E4A4B88-5537-4117-AF14-FFB6FFD2F9A6}.Release|Any CPU.ActiveCfg = Release|Any CPU
		{4E4A4B88-5537-4117-AF14-FFB6FFD2F9A6}.Release|Any CPU.Build.0 = Release|Any CPU
		{1550AB5D-1D79-42C0-920F-5AEA1EEC23C0}.Debug|Any CPU.ActiveCfg = Debug|Any CPU
		{1550AB5D-1D79-42C0-920F-5AEA1EEC23C0}.Debug|Any CPU.Build.0 = Debug|Any CPU
		{1550AB5D-1D79-42C0-920F-5AEA1EEC23C0}.Release|Any CPU.ActiveCfg = Release|Any CPU
		{1550AB5D-1D79-42C0-920F-5AEA1EEC23C0}.Release|Any CPU.Build.0 = Release|Any CPU
		{BD756E5D-9365-4848-8E9C-22FF0F67D485}.Debug|Any CPU.ActiveCfg = Debug|Any CPU
		{BD756E5D-9365-4848-8E9C-22FF0F67D485}.Debug|Any CPU.Build.0 = Debug|Any CPU
		{BD756E5D-9365-4848-8E9C-22FF0F67D485}.Release|Any CPU.ActiveCfg = Release|Any CPU
		{BD756E5D-9365-4848-8E9C-22FF0F67D485}.Release|Any CPU.Build.0 = Release|Any CPU
		{B2AF78C0-A570-4D3D-99F8-5355F720E150}.Debug|Any CPU.ActiveCfg = Debug|Any CPU
		{B2AF78C0-A570-4D3D-99F8-5355F720E150}.Debug|Any CPU.Build.0 = Debug|Any CPU
		{B2AF78C0-A570-4D3D-99F8-5355F720E150}.Release|Any CPU.ActiveCfg = Release|Any CPU
		{B2AF78C0-A570-4D3D-99F8-5355F720E150}.Release|Any CPU.Build.0 = Release|Any CPU
	EndGlobalSection
	GlobalSection(SolutionProperties) = preSolution
		HideSolutionNode = FALSE
	EndGlobalSection
	GlobalSection(ExtensibilityGlobals) = postSolution
		SolutionGuid = {D5D5C6C9-20FF-4732-8C60-C229F5F757DF}
	EndGlobalSection
EndGlobal
